{
  "version": 4,
  "terraform_version": "1.6.2",
  "serial": 35,
  "lineage": "55d3cb0b-f5da-31f0-dd41-3aa2bca33b71",
  "outputs": {},
  "resources": [
    {
      "mode": "data",
      "type": "aws_iam_policy_document",
      "name": "secret_aws",
      "provider": "provider[\"registry.terraform.io/hashicorp/aws\"]",
      "instances": [
        {
          "schema_version": 0,
          "attributes": {
            "id": "735996741",
            "json": "{\n  \"Version\": \"2012-10-17\",\n  \"Statement\": [\n    {\n      \"Sid\": \"EnableAnotherAWSAccountToReadTheSecret\",\n      \"Effect\": \"Allow\",\n      \"Action\": \"secretsmanager:GetSecretValue\",\n      \"Resource\": \"*\",\n      \"Principal\": {\n        \"AWS\": \"arn:aws:iam::123456789012:root\"\n      }\n    }\n  ]\n}",
            "override_policy_documents": null,
            "policy_id": null,
            "source_policy_documents": null,
            "statement": [
              {
                "actions": [
                  "secretsmanager:GetSecretValue"
                ],
                "condition": [],
                "effect": "Allow",
                "not_actions": [],
                "not_principals": [],
                "not_resources": [],
                "principals": [
                  {
                    "identifiers": [
                      "arn:aws:iam::123456789012:root"
                    ],
                    "type": "AWS"
                  }
                ],
                "resources": [
                  "*"
                ],
                "sid": "EnableAnotherAWSAccountToReadTheSecret"
              }
            ],
            "version": "2012-10-17"
          },
          "sensitive_attributes": []
        }
      ]
    },
    {
      "mode": "managed",
      "type": "aws_lambda_permission",
      "name": "lambda_permission",
      "provider": "provider[\"registry.terraform.io/hashicorp/aws\"]",
      "instances": [
        {
          "schema_version": 0,
          "attributes": {
            "action": "lambda:InvokeFunction",
            "event_source_token": null,
            "function_name": "lambdasecret",
            "function_url_auth_type": null,
            "id": "terraform-20231031065044605300000001",
            "principal": "secretsmanager.amazonaws.com",
            "principal_org_id": null,
            "qualifier": "",
            "source_account": null,
            "source_arn": null,
            "statement_id": "terraform-20231031065044605300000001",
            "statement_id_prefix": "terraform-"
          },
          "sensitive_attributes": [],
          "private": "bnVsbA=="
        }
      ]
    },
    {
      "mode": "managed",
      "type": "aws_secretsmanager_secret",
      "name": "secret_aws",
      "provider": "provider[\"registry.terraform.io/hashicorp/aws\"]",
      "instances": [
        {
          "schema_version": 0,
          "attributes": {
            "arn": "arn:aws:secretsmanager:us-east-1:446611234961:secret:secretcloud-1H1BMc",
            "description": "",
            "force_overwrite_replica_secret": false,
            "id": "arn:aws:secretsmanager:us-east-1:446611234961:secret:secretcloud-1H1BMc",
            "kms_key_id": "",
            "name": "secretcloud",
            "name_prefix": "",
            "policy": "",
            "recovery_window_in_days": 30,
            "replica": [],
            "tags": {},
            "tags_all": {}
          },
          "sensitive_attributes": [],
          "private": "bnVsbA=="
        }
      ]
    },
    {
      "mode": "managed",
      "type": "aws_secretsmanager_secret_rotation",
      "name": "rotation",
      "provider": "provider[\"registry.terraform.io/hashicorp/aws\"]",
      "instances": [
        {
          "schema_version": 0,
          "attributes": {
            "id": "arn:aws:secretsmanager:us-east-1:446611234961:secret:secretcloud-1H1BMc",
            "rotation_enabled": true,
            "rotation_lambda_arn": "arn:aws:lambda:us-east-1:446611234961:function:lambdasecret",
            "rotation_rules": [
              {
                "automatically_after_days": 30,
                "duration": "",
                "schedule_expression": ""
              }
            ],
            "secret_id": "arn:aws:secretsmanager:us-east-1:446611234961:secret:secretcloud-1H1BMc"
          },
          "sensitive_attributes": [],
          "private": "bnVsbA=="
        }
      ]
    },
    {
      "mode": "managed",
      "type": "aws_secretsmanager_secret_version",
      "name": "secret_aws",
      "provider": "provider[\"registry.terraform.io/hashicorp/aws\"]",
      "instances": [
        {
          "schema_version": 0,
          "attributes": {
            "arn": "arn:aws:secretsmanager:us-east-1:446611234961:secret:secretcloud-1H1BMc",
            "id": "arn:aws:secretsmanager:us-east-1:446611234961:secret:secretcloud-1H1BMc|6E4E301B-2FC4-4921-8D69-B0F9C5206810",
            "secret_binary": "",
            "secret_id": "arn:aws:secretsmanager:us-east-1:446611234961:secret:secretcloud-1H1BMc",
            "secret_string": "{\"key1\":\"value1\",\"key2\":\"value2\"}",
            "version_id": "6E4E301B-2FC4-4921-8D69-B0F9C5206810",
            "version_stages": [
              "AWSCURRENT"
            ]
          },
          "sensitive_attributes": [],
          "private": "bnVsbA=="
        }
      ]
    }
  ],
  "check_results": null
}
